PODS:
  - Kingfisher (5.13.4):
    - Kingfisher/Core (= 5.13.4)
  - Kingfisher/Core (5.13.4)
  - OHHTTPStubs/Core (9.0.0)
  - OHHTTPStubs/Default (9.0.0):
    - OHHTTPStubs/Core
    - OHHTTPStubs/JSON
    - OHHTTPStubs/NSURLSession
    - OHHTTPStubs/OHPathHelpers
  - OHHTTPStubs/JSON (9.0.0):
    - OHHTTPStubs/Core
  - OHHTTPStubs/NSURLSession (9.0.0):
    - OHHTTPStubs/Core
  - OHHTTPStubs/OHPathHelpers (9.0.0)
  - OHHTTPStubs/Swift (9.0.0):
    - OHHTTPStubs/Default

DEPENDENCIES:
  - Kingfisher
  - OHHTTPStubs/Swift

SPEC REPOS:
  trunk:
    - Kingfisher
    - OHHTTPStubs

SPEC CHECKSUMS:
  Kingfisher: d2279a7abece3c7f25a80cd2b7f363ca5cf3f44c
  OHHTTPStubs: cb29d2a9d09a828ecb93349a2b0c64f99e0db89f

PODFILE CHECKSUM: 64932f8713fd4e2c30b2286dba2f9845f70f76bb

COCOAPODS: 1.9.1
